// !$*UTF8*$!
{
	archiveVersion = 1;
	classes = {
	};
	objectVersion = 77;
	objects = {

/* Begin PBXBuildFile section */
		6B0C66BC2DCCFB4400A43B0D /* KeychainSwift in Frameworks */ = {isa = PBXBuildFile; productRef = 6B0C66BB2DCCFB4400A43B0D /* KeychainSwift */; };
		6B0C66D22DCD054B00A43B0D /* Kingfisher in Frameworks */ = {isa = PBXBuildFile; productRef = 6B0C66D12DCD054B00A43B0D /* Kingfisher */; };
/* End PBXBuildFile section */

/* Begin PBXContainerItemProxy section */
		6B0C65672DCCDB1F00A43B0D /* PBXContainerItemProxy */ = {
			isa = PBXContainerItemProxy;
			containerPortal = 6B0C65482DCCDB1E00A43B0D /* Project object */;
			proxyType = 1;
			remoteGlobalIDString = 6B0C654F2DCCDB1E00A43B0D;
			remoteInfo = testAsinc;
		};
		6B0C65712DCCDB1F00A43B0D /* PBXContainerItemProxy */ = {
			isa = PBXContainerItemProxy;
			containerPortal = 6B0C65482DCCDB1E00A43B0D /* Project object */;
			proxyType = 1;
			remoteGlobalIDString = 6B0C654F2DCCDB1E00A43B0D;
			remoteInfo = testAsinc;
		};
/* End PBXContainerItemProxy section */

/* Begin PBXFileReference section */
		6B0C65502DCCDB1E00A43B0D /* testAsinc.app */ = {isa = PBXFileReference; explicitFileType = wrapper.application; includeInIndex = 0; path = testAsinc.app; sourceTree = BUILT_PRODUCTS_DIR; };
		6B0C65662DCCDB1F00A43B0D /* testAsincTests.xctest */ = {isa = PBXFileReference; explicitFileType = wrapper.cfbundle; includeInIndex = 0; path = testAsincTests.xctest; sourceTree = BUILT_PRODUCTS_DIR; };
		6B0C65702DCCDB1F00A43B0D /* testAsincUITests.xctest */ = {isa = PBXFileReference; explicitFileType = wrapper.cfbundle; includeInIndex = 0; path = testAsincUITests.xctest; sourceTree = BUILT_PRODUCTS_DIR; };
/* End PBXFileReference section */

/* Begin PBXFileSystemSynchronizedBuildFileExceptionSet section */
		6B0C65782DCCDB1F00A43B0D /* Exceptions for "testAsinc" folder in "testAsinc" target */ = {
			isa = PBXFileSystemSynchronizedBuildFileExceptionSet;
			membershipExceptions = (
				Info.plist,
			);
			target = 6B0C654F2DCCDB1E00A43B0D /* testAsinc */;
		};
/* End PBXFileSystemSynchronizedBuildFileExceptionSet section */

/* Begin PBXFileSystemSynchronizedRootGroup section */
		6B0C65522DCCDB1E00A43B0D /* testAsinc */ = {
			isa = PBXFileSystemSynchronizedRootGroup;
			exceptions = (
				6B0C65782DCCDB1F00A43B0D /* Exceptions for "testAsinc" folder in "testAsinc" target */,
			);
			path = testAsinc;
			sourceTree = "<group>";
		};
		6B0C65692DCCDB1F00A43B0D /* testAsincTests */ = {
			isa = PBXFileSystemSynchronizedRootGroup;
			path = testAsincTests;
			sourceTree = "<group>";
		};
		6B0C65732DCCDB1F00A43B0D /* testAsincUITests */ = {
			isa = PBXFileSystemSynchronizedRootGroup;
			path = testAsincUITests;
			sourceTree = "<group>";
		};
/* End PBXFileSystemSynchronizedRootGroup section */

/* Begin PBXFrameworksBuildPhase section */
		6B0C654D2DCCDB1E00A43B0D /* Frameworks */ = {
			isa = PBXFrameworksBuildPhase;
			buildActionMask = 2147483647;
			files = (
				6B0C66D22DCD054B00A43B0D /* Kingfisher in Frameworks */,
				6B0C66BC2DCCFB4400A43B0D /* KeychainSwift in Frameworks */,
			);
			runOnlyForDeploymentPostprocessing = 0;
		};
		6B0C65632DCCDB1F00A43B0D /* Frameworks */ = {
			isa = PBXFrameworksBuildPhase;
			buildActionMask = 2147483647;
			files = (
			);
			runOnlyForDeploymentPostprocessing = 0;
		};
		6B0C656D2DCCDB1F00A43B0D /* Frameworks */ = {
			isa = PBXFrameworksBuildPhase;
			buildActionMask = 2147483647;
			files = (
			);
			runOnlyForDeploymentPostprocessing = 0;
		};
/* End PBXFrameworksBuildPhase section */

/* Begin PBXGroup section */
		6B0C65472DCCDB1E00A43B0D = {
			isa = PBXGroup;
			children = (
				6B0C65522DCCDB1E00A43B0D /* testAsinc */,
				6B0C65692DCCDB1F00A43B0D /* testAsincTests */,
				6B0C65732DCCDB1F00A43B0D /* testAsincUITests */,
				6B0C65512DCCDB1E00A43B0D /* Products */,
			);
			sourceTree = "<group>";
		};
		6B0C65512DCCDB1E00A43B0D /* Products */ = {
			isa = PBXGroup;
			children = (
				6B0C65502DCCDB1E00A43B0D /* testAsinc.app */,
				6B0C65662DCCDB1F00A43B0D /* testAsincTests.xctest */,
				6B0C65702DCCDB1F00A43B0D /* testAsincUITests.xctest */,
			);
			name = Products;
			sourceTree = "<group>";
		};
/* End PBXGroup section */

/* Begin PBXNativeTarget section */
		6B0C654F2DCCDB1E00A43B0D /* testAsinc */ = {
			isa = PBXNativeTarget;
			buildConfigurationList = 6B0C65792DCCDB1F00A43B0D /* Build configuration list for PBXNativeTarget "testAsinc" */;
			buildPhases = (
				6B0C654C2DCCDB1E00A43B0D /* Sources */,
				6B0C654D2DCCDB1E00A43B0D /* Frameworks */,
				6B0C654E2DCCDB1E00A43B0D /* Resources */,
			);
			buildRules = (
			);
			dependencies = (
			);
			fileSystemSynchronizedGroups = (
				6B0C65522DCCDB1E00A43B0D /* testAsinc */,
			);
			name = testAsinc;
			packageProductDependencies = (
				6B0C66BB2DCCFB4400A43B0D /* KeychainSwift */,
				6B0C66D12DCD054B00A43B0D /* Kingfisher */,
			);
			productName = testAsinc;
			productReference = 6B0C65502DCCDB1E00A43B0D /* testAsinc.app */;
			productType = "com.apple.product-type.application";
		};
		6B0C65652DCCDB1F00A43B0D /* testAsincTests */ = {
			isa = PBXNativeTarget;
			buildConfigurationList = 6B0C657E2DCCDB1F00A43B0D /* Build configuration list for PBXNativeTarget "testAsincTests" */;
			buildPhases = (
				6B0C65622DCCDB1F00A43B0D /* Sources */,
				6B0C65632DCCDB1F00A43B0D /* Frameworks */,
				6B0C65642DCCDB1F00A43B0D /* Resources */,
			);
			buildRules = (
			);
			dependencies = (
				6B0C65682DCCDB1F00A43B0D /* PBXTargetDependency */,
			);
			fileSystemSynchronizedGroups = (
				6B0C65692DCCDB1F00A43B0D /* testAsincTests */,
			);
			name = testAsincTests;
			packageProductDependencies = (
			);
			productName = testAsincTests;
			productReference = 6B0C65662DCCDB1F00A43B0D /* testAsincTests.xctest */;
			productType = "com.apple.product-type.bundle.unit-test";
		};
		6B0C656F2DCCDB1F00A43B0D /* testAsincUITests */ = {
			isa = PBXNativeTarget;
			buildConfigurationList = 6B0C65812DCCDB1F00A43B0D /* Build configuration list for PBXNativeTarget "testAsincUITests" */;
			buildPhases = (
				6B0C656C2DCCDB1F00A43B0D /* Sources */,
				6B0C656D2DCCDB1F00A43B0D /* Frameworks */,
				6B0C656E2DCCDB1F00A43B0D /* Resources */,
			);
			buildRules = (
			);
			dependencies = (
				6B0C65722DCCDB1F00A43B0D /* PBXTargetDependency */,
			);
			fileSystemSynchronizedGroups = (
				6B0C65732DCCDB1F00A43B0D /* testAsincUITests */,
			);
			name = testAsincUITests;
			packageProductDependencies = (
			);
			productName = testAsincUITests;
			productReference = 6B0C65702DCCDB1F00A43B0D /* testAsincUITests.xctest */;
			productType = "com.apple.product-type.bundle.ui-testing";
		};
/* End PBXNativeTarget section */

/* Begin PBXProject section */
		6B0C65482DCCDB1E00A43B0D /* Project object */ = {
			isa = PBXProject;
			attributes = {
				BuildIndependentTargetsInParallel = 1;
				LastSwiftUpdateCheck = 1620;
				LastUpgradeCheck = 1620;
				TargetAttributes = {
					6B0C654F2DCCDB1E00A43B0D = {
						CreatedOnToolsVersion = 16.2;
					};
					6B0C65652DCCDB1F00A43B0D = {
						CreatedOnToolsVersion = 16.2;
						TestTargetID = 6B0C654F2DCCDB1E00A43B0D;
					};
					6B0C656F2DCCDB1F00A43B0D = {
						CreatedOnToolsVersion = 16.2;
						TestTargetID = 6B0C654F2DCCDB1E00A43B0D;
					};
				};
			};
			buildConfigurationList = 6B0C654B2DCCDB1E00A43B0D /* Build configuration list for PBXProject "testAsinc" */;
			developmentRegion = en;
			hasScannedForEncodings = 0;
			knownRegions = (
				en,
				Base,
			);
			mainGroup = 6B0C65472DCCDB1E00A43B0D;
			minimizedProjectReferenceProxies = 1;
			packageReferences = (
				6B0C66BA2DCCFB4400A43B0D /* XCRemoteSwiftPackageReference "keychain-swift" */,
				6B0C66D02DCD054B00A43B0D /* XCRemoteSwiftPackageReference "Kingfisher" */,
			);
			preferredProjectObjectVersion = 77;
			productRefGroup = 6B0C65512DCCDB1E00A43B0D /* Products */;
			projectDirPath = "";
			projectRoot = "";
			targets = (
				6B0C654F2DCCDB1E00A43B0D /* testAsinc */,
				6B0C65652DCCDB1F00A43B0D /* testAsincTests */,
				6B0C656F2DCCDB1F00A43B0D /* testAsincUITests */,
			);
		};
/* End PBXProject section */

/* Begin PBXResourcesBuildPhase section */
		6B0C654E2DCCDB1E00A43B0D /* Resources */ = {
			isa = PBXResourcesBuildPhase;
			buildActionMask = 2147483647;
			files = (
			);
			runOnlyForDeploymentPostprocessing = 0;
		};
		6B0C65642DCCDB1F00A43B0D /* Resources */ = {
			isa = PBXResourcesBuildPhase;
			buildActionMask = 2147483647;
			files = (
			);
			runOnlyForDeploymentPostprocessing = 0;
		};
		6B0C656E2DCCDB1F00A43B0D /* Resources */ = {
			isa = PBXResourcesBuildPhase;
			buildActionMask = 2147483647;
			files = (
			);
			runOnlyForDeploymentPostprocessing = 0;
		};
/* End PBXResourcesBuildPhase section */

/* Begin PBXSourcesBuildPhase section */
		6B0C654C2DCCDB1E00A43B0D /* Sources */ = {
			isa = PBXSourcesBuildPhase;
			buildActionMask = 2147483647;
			files = (
			);
			runOnlyForDeploymentPostprocessing = 0;
		};
		6B0C65622DCCDB1F00A43B0D /* Sources */ = {
			isa = PBXSourcesBuildPhase;
			buildActionMask = 2147483647;
			files = (
			);
			runOnlyForDeploymentPostprocessing = 0;
		};
		6B0C656C2DCCDB1F00A43B0D /* Sources */ = {
			isa = PBXSourcesBuildPhase;
			buildActionMask = 2147483647;
			files = (
			);
			runOnlyForDeploymentPostprocessing = 0;
		};
/* End PBXSourcesBuildPhase section */

/* Begin PBXTargetDependency section */
		6B0C65682DCCDB1F00A43B0D /* PBXTargetDependency */ = {
			isa = PBXTargetDependency;
			target = 6B0C654F2DCCDB1E00A43B0D /* testAsinc */;
			targetProxy = 6B0C65672DCCDB1F00A43B0D /* PBXContainerItemProxy */;
		};
		6B0C65722DCCDB1F00A43B0D /* PBXTargetDependency */ = {
			isa = PBXTargetDependency;
			target = 6B0C654F2DCCDB1E00A43B0D /* testAsinc */;
			targetProxy = 6B0C65712DCCDB1F00A43B0D /* PBXContainerItemProxy */;
		};
/* End PBXTargetDependency section */

/* Begin XCBuildConfiguration section */
		6B0C657A2DCCDB1F00A43B0D /* Debug */ = {
			isa = XCBuildConfiguration;
			buildSettings = {
				ASSETCATALOG_COMPILER_APPICON_NAME = AppIcon;
				ASSETCATALOG_COMPILER_GLOBAL_ACCENT_COLOR_NAME = AccentColor;
				CODE_SIGN_STYLE = Automatic;
				CURRENT_PROJECT_VERSION = 1;
				DEVELOPMENT_TEAM = VAA9LFFTNJ;
				GENERATE_INFOPLIST_FILE = YES;
				INFOPLIST_FILE = testAsinc/Info.plist;
				INFOPLIST_KEY_UIApplicationSupportsIndirectInputEvents = YES;
				INFOPLIST_KEY_UILaunchStoryboardName = LaunchScreen;
				INFOPLIST_KEY_UISupportedInterfaceOrientations_iPad = "UIInterfaceOrientationPortrait UIInterfaceOrientationPortraitUpsideDown UIInterfaceOrientationLandscapeLeft UIInterfaceOrientationLandscapeRight";
				INFOPLIST_KEY_UISupportedInterfaceOrientations_iPhone = "UIInterfaceOrientationPortrait UIInterfaceOrientationLandscapeLeft UIInterfaceOrientationLandscapeRight";
				LD_RUNPATH_SEARCH_PATHS = (
					"$(inherited)",
					"@executable_path/Frameworks",
				);
				MARKETING_VERSION = 1.0;
				PRODUCT_BUNDLE_IDENTIFIER = com.ireav.testAsinc;
				PRODUCT_NAME = "$(TARGET_NAME)";
				SWIFT_EMIT_LOC_STRINGS = YES;
				SWIFT_VERSION = 5.0;
				TARGETED_DEVICE_FAMILY = "1,2";
			};
			name = Debug;
		};
		6B0C657B2DCCDB1F00A43B0D /* Release */ = {
			isa = XCBuildConfiguration;
			buildSettings = {
				ASSETCATALOG_COMPILER_APPICON_NAME = AppIcon;
				ASSETCATALOG_COMPILER_GLOBAL_ACCENT_COLOR_NAME = AccentColor;
				CODE_SIGN_STYLE = Automatic;
				CURRENT_PROJECT_VERSION = 1;
				DEVELOPMENT_TEAM = VAA9LFFTNJ;
				GENERATE_INFOPLIST_FILE = YES;
				INFOPLIST_FILE = testAsinc/Info.plist;
				INFOPLIST_KEY_UIApplicationSupportsIndirectInputEvents = YES;
				INFOPLIST_KEY_UILaunchStoryboardName = LaunchScreen;
				INFOPLIST_KEY_UISupportedInterfaceOrientations_iPad = "UIInterfaceOrientationPortrait UIInterfaceOrientationPortraitUpsideDown UIInterfaceOrientationLandscapeLeft UIInterfaceOrientationLandscapeRight";
				INFOPLIST_KEY_UISupportedInterfaceOrientations_iPhone = "UIInterfaceOrientationPortrait UIInterfaceOrientationLandscapeLeft UIInterfaceOrientationLandscapeRight";
				LD_RUNPATH_SEARCH_PATHS = (
					"$(inherited)",
					"@executable_path/Frameworks",
				);
				MARKETING_VERSION = 1.0;
				PRODUCT_BUNDLE_IDENTIFIER = com.ireav.testAsinc;
				PRODUCT_NAME = "$(TARGET_NAME)";
				SWIFT_EMIT_LOC_STRINGS = YES;
				SWIFT_VERSION = 5.0;
				TARGETED_DEVICE_FAMILY = "1,2";
			};
			name = Release;
		};
		6B0C657C2DCCDB1F00A43B0D /* Debug */ = {
			isa = XCBuildConfiguration;
			buildSettings = {
				ALWAYS_SEARCH_USER_PATHS = NO;
				ASSETCATALOG_COMPILER_GENERATE_SWIFT_ASSET_SYMBOL_EXTENSIONS = YES;
				CLANG_ANALYZER_NONNULL = YES;
				CLANG_ANALYZER_NUMBER_OBJECT_CONVERSION = YES_AGGRESSIVE;
				CLANG_CXX_LANGUAGE_STANDARD = "gnu++20";
				CLANG_ENABLE_MODULES = YES;
				CLANG_ENABLE_OBJC_ARC = YES;
				CLANG_ENABLE_OBJC_WEAK = YES;
				CLANG_WARN_BLOCK_CAPTURE_AUTORELEASING = YES;
				CLANG_WARN_BOOL_CONVERSION = YES;
				CLANG_WARN_COMMA = YES;
				CLANG_WARN_CONSTANT_CONVERSION = YES;
				CLANG_WARN_DEPRECATED_OBJC_IMPLEMENTATIONS = YES;
				CLANG_WARN_DIRECT_OBJC_ISA_USAGE = YES_ERROR;
				CLANG_WARN_DOCUMENTATION_COMMENTS = YES;
				CLANG_WARN_EMPTY_BODY = YES;
				CLANG_WARN_ENUM_CONVERSION = YES;
				CLANG_WARN_INFINITE_RECURSION = YES;
				CLANG_WARN_INT_CONVERSION = YES;
				CLANG_WARN_NON_LITERAL_NULL_CONVERSION = YES;
				CLANG_WARN_OBJC_IMPLICIT_RETAIN_SELF = YES;
				CLANG_WARN_OBJC_LITERAL_CONVERSION = YES;
				CLANG_WARN_OBJC_ROOT_CLASS = YES_ERROR;
				CLANG_WARN_QUOTED_INCLUDE_IN_FRAMEWORK_HEADER = YES;
				CLANG_WARN_RANGE_LOOP_ANALYSIS = YES;
				CLANG_WARN_STRICT_PROTOTYPES = YES;
				CLANG_WARN_SUSPICIOUS_MOVE = YES;
				CLANG_WARN_UNGUARDED_AVAILABILITY = YES_AGGRESSIVE;
				CLANG_WARN_UNREACHABLE_CODE = YES;
				CLANG_WARN__DUPLICATE_METHOD_MATCH = YES;
				COPY_PHASE_STRIP = NO;
				DEBUG_INFORMATION_FORMAT = dwarf;
				ENABLE_STRICT_OBJC_MSGSEND = YES;
				ENABLE_TESTABILITY = YES;
				ENABLE_USER_SCRIPT_SANDBOXING = YES;
				GCC_C_LANGUAGE_STANDARD = gnu17;
				GCC_DYNAMIC_NO_PIC = NO;
				GCC_NO_COMMON_BLOCKS = YES;
				GCC_OPTIMIZATION_LEVEL = 0;
				GCC_PREPROCESSOR_DEFINITIONS = (
					"DEBUG=1",
					"$(inherited)",
				);
				GCC_WARN_64_TO_32_BIT_CONVERSION = YES;
				GCC_WARN_ABOUT_RETURN_TYPE = YES_ERROR;
				GCC_WARN_UNDECLARED_SELECTOR = YES;
				GCC_WARN_UNINITIALIZED_AUTOS = YES_AGGRESSIVE;
				GCC_WARN_UNUSED_FUNCTION = YES;
				GCC_WARN_UNUSED_VARIABLE = YES;
				IPHONEOS_DEPLOYMENT_TARGET = 18.2;
				LOCALIZATION_PREFERS_STRING_CATALOGS = YES;
				MTL_ENABLE_DEBUG_INFO = INCLUDE_SOURCE;
				MTL_FAST_MATH = YES;
				ONLY_ACTIVE_ARCH = YES;
				SDKROOT = iphoneos;
				SWIFT_ACTIVE_COMPILATION_CONDITIONS = "DEBUG $(inherited)";
				SWIFT_OPTIMIZATION_LEVEL = "-Onone";
			};
			name = Debug;
		};
		6B0C657D2DCCDB1F00A43B0D /* Release */ = {
			isa = XCBuildConfiguration;
			buildSettings = {
				ALWAYS_SEARCH_USER_PATHS = NO;
				ASSETCATALOG_COMPILER_GENERATE_SWIFT_ASSET_SYMBOL_EXTENSIONS = YES;
				CLANG_ANALYZER_NONNULL = YES;
				CLANG_ANALYZER_NUMBER_OBJECT_CONVERSION = YES_AGGRESSIVE;
				CLANG_CXX_LANGUAGE_STANDARD = "gnu++20";
				CLANG_ENABLE_MODULES = YES;
				CLANG_ENABLE_OBJC_ARC = YES;
				CLANG_ENABLE_OBJC_WEAK = YES;
				CLANG_WARN_BLOCK_CAPTURE_AUTORELEASING = YES;
				CLANG_WARN_BOOL_CONVERSION = YES;
				CLANG_WARN_COMMA = YES;
				CLANG_WARN_CONSTANT_CONVERSION = YES;
				CLANG_WARN_DEPRECATED_OBJC_IMPLEMENTATIONS = YES;
				CLANG_WARN_DIRECT_OBJC_ISA_USAGE = YES_ERROR;
				CLANG_WARN_DOCUMENTATION_COMMENTS = YES;
				CLANG_WARN_EMPTY_BODY = YES;
				CLANG_WARN_ENUM_CONVERSION = YES;
				CLANG_WARN_INFINITE_RECURSION = YES;
				CLANG_WARN_INT_CONVERSION = YES;
				CLANG_WARN_NON_LITERAL_NULL_CONVERSION = YES;
				CLANG_WARN_OBJC_IMPLICIT_RETAIN_SELF = YES;
				CLANG_WARN_OBJC_LITERAL_CONVERSION = YES;
				CLANG_WARN_OBJC_ROOT_CLASS = YES_ERROR;
				CLANG_WARN_QUOTED_INCLUDE_IN_FRAMEWORK_HEADER = YES;
				CLANG_WARN_RANGE_LOOP_ANALYSIS = YES;
				CLANG_WARN_STRICT_PROTOTYPES = YES;
				CLANG_WARN_SUSPICIOUS_MOVE = YES;
				CLANG_WARN_UNGUARDED_AVAILABILITY = YES_AGGRESSIVE;
				CLANG_WARN_UNREACHABLE_CODE = YES;
				CLANG_WARN__DUPLICATE_METHOD_MATCH = YES;
				COPY_PHASE_STRIP = NO;
				DEBUG_INFORMATION_FORMAT = "dwarf-with-dsym";
				ENABLE_NS_ASSERTIONS = NO;
				ENABLE_STRICT_OBJC_MSGSEND = YES;
				ENABLE_USER_SCRIPT_SANDBOXING = YES;
				GCC_C_LANGUAGE_STANDARD = gnu17;
				GCC_NO_COMMON_BLOCKS = YES;
				GCC_WARN_64_TO_32_BIT_CONVERSION = YES;
				GCC_WARN_ABOUT_RETURN_TYPE = YES_ERROR;
				GCC_WARN_UNDECLARED_SELECTOR = YES;
				GCC_WARN_UNINITIALIZED_AUTOS = YES_AGGRESSIVE;
				GCC_WARN_UNUSED_FUNCTION = YES;
				GCC_WARN_UNUSED_VARIABLE = YES;
				IPHONEOS_DEPLOYMENT_TARGET = 18.2;
				LOCALIZATION_PREFERS_STRING_CATALOGS = YES;
				MTL_ENABLE_DEBUG_INFO = NO;
				MTL_FAST_MATH = YES;
				SDKROOT = iphoneos;
				SWIFT_COMPILATION_MODE = wholemodule;
				VALIDATE_PRODUCT = YES;
			};
			name = Release;
		};
		6B0C657F2DCCDB1F00A43B0D /* Debug */ = {
			isa = XCBuildConfiguration;
			buildSettings = {
				BUNDLE_LOADER = "$(TEST_HOST)";
				CODE_SIGN_STYLE = Automatic;
				CURRENT_PROJECT_VERSION = 1;
				DEVELOPMENT_TEAM = VAA9LFFTNJ;
				GENERATE_INFOPLIST_FILE = YES;
				IPHONEOS_DEPLOYMENT_TARGET = 18.2;
				MARKETING_VERSION = 1.0;
				PRODUCT_BUNDLE_IDENTIFIER = com.ireav.testAsincTests;
				PRODUCT_NAME = "$(TARGET_NAME)";
				SWIFT_EMIT_LOC_STRINGS = NO;
				SWIFT_VERSION = 5.0;
				TARGETED_DEVICE_FAMILY = "1,2";
				TEST_HOST = "$(BUILT_PRODUCTS_DIR)/testAsinc.app/$(BUNDLE_EXECUTABLE_FOLDER_PATH)/testAsinc";
			};
			name = Debug;
		};
		6B0C65802DCCDB1F00A43B0D /* Release */ = {
			isa = XCBuildConfiguration;
			buildSettings = {
				BUNDLE_LOADER = "$(TEST_HOST)";
				CODE_SIGN_STYLE = Automatic;
				CURRENT_PROJECT_VERSION = 1;
				DEVELOPMENT_TEAM = VAA9LFFTNJ;
				GENERATE_INFOPLIST_FILE = YES;
				IPHONEOS_DEPLOYMENT_TARGET = 18.2;
				MARKETING_VERSION = 1.0;
				PRODUCT_BUNDLE_IDENTIFIER = com.ireav.testAsincTests;
				PRODUCT_NAME = "$(TARGET_NAME)";
				SWIFT_EMIT_LOC_STRINGS = NO;
				SWIFT_VERSION = 5.0;
				TARGETED_DEVICE_FAMILY = "1,2";
				TEST_HOST = "$(BUILT_PRODUCTS_DIR)/testAsinc.app/$(BUNDLE_EXECUTABLE_FOLDER_PATH)/testAsinc";
			};
			name = Release;
		};
		6B0C65822DCCDB1F00A43B0D /* Debug */ = {
			isa = XCBuildConfiguration;
			buildSettings = {
				CODE_SIGN_STYLE = Automatic;
				CURRENT_PROJECT_VERSION = 1;
				DEVELOPMENT_TEAM = VAA9LFFTNJ;
				GENERATE_INFOPLIST_FILE = YES;
				MARKETING_VERSION = 1.0;
				PRODUCT_BUNDLE_IDENTIFIER = com.ireav.testAsincUITests;
				PRODUCT_NAME = "$(TARGET_NAME)";
				SWIFT_EMIT_LOC_STRINGS = NO;
				SWIFT_VERSION = 5.0;
				TARGETED_DEVICE_FAMILY = "1,2";
				TEST_TARGET_NAME = testAsinc;
			};
			name = Debug;
		};
		6B0C65832DCCDB1F00A43B0D /* Release */ = {
			isa = XCBuildConfiguration;
			buildSettings = {
				CODE_SIGN_STYLE = Automatic;
				CURRENT_PROJECT_VERSION = 1;
				DEVELOPMENT_TEAM = VAA9LFFTNJ;
				GENERATE_INFOPLIST_FILE = YES;
				MARKETING_VERSION = 1.0;
				PRODUCT_BUNDLE_IDENTIFIER = com.ireav.testAsincUITests;
				PRODUCT_NAME = "$(TARGET_NAME)";
				SWIFT_EMIT_LOC_STRINGS = NO;
				SWIFT_VERSION = 5.0;
				TARGETED_DEVICE_FAMILY = "1,2";
				TEST_TARGET_NAME = testAsinc;
			};
			name = Release;
		};
/* End XCBuildConfiguration section */

/* Begin XCConfigurationList section */
		6B0C654B2DCCDB1E00A43B0D /* Build configuration list for PBXProject "testAsinc" */ = {
			isa = XCConfigurationList;
			buildConfigurations = (
				6B0C657C2DCCDB1F00A43B0D /* Debug */,
				6B0C657D2DCCDB1F00A43B0D /* Release */,
			);
			defaultConfigurationIsVisible = 0;
			defaultConfigurationName = Release;
		};
		6B0C65792DCCDB1F00A43B0D /* Build configuration list for PBXNativeTarget "testAsinc" */ = {
			isa = XCConfigurationList;
			buildConfigurations = (
				6B0C657A2DCCDB1F00A43B0D /* Debug */,
				6B0C657B2DCCDB1F00A43B0D /* Release */,
			);
			defaultConfigurationIsVisible = 0;
			defaultConfigurationName = Release;
		};
		6B0C657E2DCCDB1F00A43B0D /* Build configuration list for PBXNativeTarget "testAsincTests" */ = {
			isa = XCConfigurationList;
			buildConfigurations = (
				6B0C657F2DCCDB1F00A43B0D /* Debug */,
				6B0C65802DCCDB1F00A43B0D /* Release */,
			);
			defaultConfigurationIsVisible = 0;
			defaultConfigurationName = Release;
		};
		6B0C65812DCCDB1F00A43B0D /* Build configuration list for PBXNativeTarget "testAsincUITests" */ = {
			isa = XCConfigurationList;
			buildConfigurations = (
				6B0C65822DCCDB1F00A43B0D /* Debug */,
				6B0C65832DCCDB1F00A43B0D /* Release */,
			);
			defaultConfigurationIsVisible = 0;
			defaultConfigurationName = Release;
		};
/* End XCConfigurationList section */

/* Begin XCRemoteSwiftPackageReference section */
		6B0C66BA2DCCFB4400A43B0D /* XCRemoteSwiftPackageReference "keychain-swift" */ = {
			isa = XCRemoteSwiftPackageReference;
			repositoryURL = "https://github.com/evgenyneu/keychain-swift.git";
			requirement = {
				kind = upToNextMajorVersion;
				minimumVersion = 24.0.0;
			};
		};
		6B0C66D02DCD054B00A43B0D /* XCRemoteSwiftPackageReference "Kingfisher" */ = {
			isa = XCRemoteSwiftPackageReference;
			repositoryURL = "https://github.com/onevcat/Kingfisher.git";
			requirement = {
				kind = upToNextMajorVersion;
				minimumVersion = 8.3.2;
			};
		};
/* End XCRemoteSwiftPackageReference section */

/* Begin XCSwiftPackageProductDependency section */
		6B0C66BB2DCCFB4400A43B0D /* KeychainSwift */ = {
			isa = XCSwiftPackageProductDependency;
			package = 6B0C66BA2DCCFB4400A43B0D /* XCRemoteSwiftPackageReference "keychain-swift" */;
			productName = KeychainSwift;
		};
		6B0C66D12DCD054B00A43B0D /* Kingfisher */ = {
			isa = XCSwiftPackageProductDependency;
			package = 6B0C66D02DCD054B00A43B0D /* XCRemoteSwiftPackageReference "Kingfisher" */;
			productName = Kingfisher;
		};
/* End XCSwiftPackageProductDependency section */
	};
	rootObject = 6B0C65482DCCDB1E00A43B0D /* Project object */;
}
